Microsoft Visual Studio Solution File, Format Version 12.00
# Visual Studio for Mac

// Defines a project within the solution
Project("{FAE04EC0-301F-11D3-BF4B-00C04F79EFBC}") = "Assembly-CSharp", "Assembly-CSharp.csproj", "{D7B6EBA5-13B6-88BF-B513-AD07E25EE092}"
EndProject

Global
    // Solution configuration platforms
    GlobalSection(SolutionConfigurationPlatforms) = preSolution
        Debug|Any CPU = Debug|Any CPU // Debug configuration for any CPU platform
        Release|Any CPU = Release|Any CPU // Release configuration for any CPU platform
    EndGlobalSection

    // Project configuration platforms
    GlobalSection(ProjectConfigurationPlatforms) = postSolution
        // Configuration settings for the project in Debug mode
        {D7B6EBA5-13B6-88BF-B513-AD07E25EE092}.Debug|Any CPU.ActiveCfg = Debug|Any CPU
        {D7B6EBA5-13B6-88BF-B513-AD07E25EE092}.Debug|Any CPU.Build.0 = Debug|Any CPU

        // Configuration settings for the project in Release mode
        {D7B6EBA5-13B6-88BF-B513-AD07E25EE092}.Release|Any CPU.ActiveCfg = Release|Any CPU
        {D7B6EBA5-13B6-88BF-B513-AD07E25EE092}.Release|Any CPU.Build.0 = Release|Any CPU
    EndGlobalSection

    // Solution properties
    GlobalSection(SolutionProperties) = preSolution
        HideSolutionNode = FALSE // Indicates whether the solution node is hidden in the Solution Explorer
    EndGlobalSection
EndGlobal
